
Microsoft Visual Studio Solution File, Format Version 12.00
# Visual Studio Version 17
VisualStudioVersion = 17.4.33110.190
MinimumVisualStudioVersion = 10.0.40219.1
Project("{FAE04EC0-301F-11D3-BF4B-00C04F79EFBC}") = "Calculator", "Calculator\Calculator.csproj", "{D287AC51-7AF3-407E-95C1-BDE9896377F5}"
EndProject
Global
	GlobalSection(SolutionConfigurationPlatforms) = preSolution
		Debug|Any CPU = Debug|Any CPU
		Release|Any CPU = Release|Any CPU
	EndGlobalSection
	GlobalSection(ProjectConfigurationPlatforms) = postSolution
		{D287AC51-7AF3-407E-95C1-BDE9896377F5}.Debug|Any CPU.ActiveCfg = Debug|Any CPU
		{D287AC51-7AF3-407E-95C1-BDE9896377F5}.Debug|Any CPU.Build.0 = Debug|Any CPU
		{D287AC51-7AF3-407E-95C1-BDE9896377F5}.Release|Any CPU.ActiveCfg = Release|Any CPU
		{D287AC51-7AF3-407E-95C1-BDE9896377F5}.Release|Any CPU.Build.0 = Release|Any CPU
	EndGlobalSection
	GlobalSection(SolutionProperties) = preSolution
		HideSolutionNode = FALSE
	EndGlobalSection
	GlobalSection(ExtensibilityGlobals) = postSolution
		SolutionGuid = {2105AABE-5F95-4CC1-B2AA-A90CDE712A4F}
	EndGlobalSection
EndGlobal
